# Generated by buf. DO NOT EDIT.
version: v2
deps:
  - name: buf.build/protocolbuffers/wellknowntypes
    commit: 9d16d599a978406980f6e2f081331a93
    digest: b5:dd06e497a5c52f5ddf6ec02b3c7d289cc6c0432093fc2f6bf7a4fb5fae786c3e4c893e55d2759ffb6833268daf3de0bce303a406fed15725790528f2c27dc219
  - name: buf.build/toyz/natsmicro
    commit: fce161567f844608ae00d0a8a27c7cc9
    digest: b5:53f98045ec04751fc9a73125ae48389c61afc703b5d90a9255b7ca1508a8468150962d9658dcd71748704819d9db9025ac9f32531d25a6f6f5569644cd07fa8b
